
Microsoft Visual Studio Solution File, Format Version 12.00
# Visual Studio Version 17
VisualStudioVersion = 17.13.35825.156
MinimumVisualStudioVersion = 10.0.40219.1
Project("{8BC9CEB8-8B4A-11D0-8D11-00A0C91BC942}") = "ch01 test", "ch01 test\ch01 test.vcxproj", "{EE66888E-966F-4DE2-BAB6-23077C6C6016}"
EndProject
Project("{8BC9CEB8-8B4A-11D0-8D11-00A0C91BC942}") = "ch01 test client", "ch01 test client\ch01 test client.vcxproj", "{E0AF69EC-D6A0-4A5A-897E-5D059923299C}"
EndProject
Global
	GlobalSection(SolutionConfigurationPlatforms) = preSolution
		Debug|x64 = Debug|x64
		Debug|x86 = Debug|x86
		Release|x64 = Release|x64
		Release|x86 = Release|x86
	EndGlobalSection
	GlobalSection(ProjectConfigurationPlatforms) = postSolution
		{EE66888E-966F-4DE2-BAB6-23077C6C6016}.Debug|x64.ActiveCfg = Debug|x64
		{EE66888E-966F-4DE2-BAB6-23077C6C6016}.Debug|x64.Build.0 = Debug|x64
		{EE66888E-966F-4DE2-BAB6-23077C6C6016}.Debug|x86.ActiveCfg = Debug|Win32
		{EE66888E-966F-4DE2-BAB6-23077C6C6016}.Debug|x86.Build.0 = Debug|Win32
		{EE66888E-966F-4DE2-BAB6-23077C6C6016}.Release|x64.ActiveCfg = Release|x64
		{EE66888E-966F-4DE2-BAB6-23077C6C6016}.Release|x64.Build.0 = Release|x64
		{EE66888E-966F-4DE2-BAB6-23077C6C6016}.Release|x86.ActiveCfg = Release|Win32
		{EE66888E-966F-4DE2-BAB6-23077C6C6016}.Release|x86.Build.0 = Release|Win32
		{E0AF69EC-D6A0-4A5A-897E-5D059923299C}.Debug|x64.ActiveCfg = Debug|x64
		{E0AF69EC-D6A0-4A5A-897E-5D059923299C}.Debug|x64.Build.0 = Debug|x64
		{E0AF69EC-D6A0-4A5A-897E-5D059923299C}.Debug|x86.ActiveCfg = Debug|Win32
		{E0AF69EC-D6A0-4A5A-897E-5D059923299C}.Debug|x86.Build.0 = Debug|Win32
		{E0AF69EC-D6A0-4A5A-897E-5D059923299C}.Release|x64.ActiveCfg = Release|x64
		{E0AF69EC-D6A0-4A5A-897E-5D059923299C}.Release|x64.Build.0 = Release|x64
		{E0AF69EC-D6A0-4A5A-897E-5D059923299C}.Release|x86.ActiveCfg = Release|Win32
		{E0AF69EC-D6A0-4A5A-897E-5D059923299C}.Release|x86.Build.0 = Release|Win32
	EndGlobalSection
	GlobalSection(SolutionProperties) = preSolution
		HideSolutionNode = FALSE
	EndGlobalSection
	GlobalSection(ExtensibilityGlobals) = postSolution
		SolutionGuid = {51062DAB-3A69-4B33-B025-289285B1D90F}
	EndGlobalSection
EndGlobal
